
Microsoft Visual Studio Solution File, Format Version 12.00
# Visual Studio Version 16
VisualStudioVersion = 16.0.29609.76
MinimumVisualStudioVersion = 10.0.40219.1
Project("{9A19103F-16F7-4668-BE54-9A1E7A4F7556}") = "Urfu.Learn.Front", "Urfu.Learn.Front\Urfu.Learn.Front.csproj", "{617BD6B0-7ED9-43FE-9766-DA986EA58C54}"
EndProject
Project("{9A19103F-16F7-4668-BE54-9A1E7A4F7556}") = "Urfu.Learn.Contracts", "Urfu.Learn.Contracts\Urfu.Learn.Contracts.csproj", "{52C6152B-A930-4032-8455-C26F123ADB4E}"
EndProject
Project("{9A19103F-16F7-4668-BE54-9A1E7A4F7556}") = "Urfu.Learn.Backend", "Urfu.Learn.Backend\Urfu.Learn.Backend.csproj", "{AD9DB7AF-3675-48F6-95A3-453C47962A7F}"
EndProject
Global
	GlobalSection(SolutionConfigurationPlatforms) = preSolution
		Debug|Any CPU = Debug|Any CPU
		Release|Any CPU = Release|Any CPU
	EndGlobalSection
	GlobalSection(ProjectConfigurationPlatforms) = postSolution
		{617BD6B0-7ED9-43FE-9766-DA986EA58C54}.Debug|Any CPU.ActiveCfg = Debug|Any CPU
		{617BD6B0-7ED9-43FE-9766-DA986EA58C54}.Debug|Any CPU.Build.0 = Debug|Any CPU
		{617BD6B0-7ED9-43FE-9766-DA986EA58C54}.Release|Any CPU.ActiveCfg = Release|Any CPU
		{617BD6B0-7ED9-43FE-9766-DA986EA58C54}.Release|Any CPU.Build.0 = Release|Any CPU
		{52C6152B-A930-4032-8455-C26F123ADB4E}.Debug|Any CPU.ActiveCfg = Debug|Any CPU
		{52C6152B-A930-4032-8455-C26F123ADB4E}.Debug|Any CPU.Build.0 = Debug|Any CPU
		{52C6152B-A930-4032-8455-C26F123ADB4E}.Release|Any CPU.ActiveCfg = Release|Any CPU
		{52C6152B-A930-4032-8455-C26F123ADB4E}.Release|Any CPU.Build.0 = Release|Any CPU
		{AD9DB7AF-3675-48F6-95A3-453C47962A7F}.Debug|Any CPU.ActiveCfg = Debug|Any CPU
		{AD9DB7AF-3675-48F6-95A3-453C47962A7F}.Debug|Any CPU.Build.0 = Debug|Any CPU
		{AD9DB7AF-3675-48F6-95A3-453C47962A7F}.Release|Any CPU.ActiveCfg = Release|Any CPU
		{AD9DB7AF-3675-48F6-95A3-453C47962A7F}.Release|Any CPU.Build.0 = Release|Any CPU
	EndGlobalSection
	GlobalSection(SolutionProperties) = preSolution
		HideSolutionNode = FALSE
	EndGlobalSection
	GlobalSection(ExtensibilityGlobals) = postSolution
		SolutionGuid = {551E2DEC-F776-4B11-9AA0-7260F382E977}
	EndGlobalSection
EndGlobal
